
Microsoft Visual Studio Solution File, Format Version 12.00
# Visual Studio 15
VisualStudioVersion = 15.0.27130.2010
MinimumVisualStudioVersion = 10.0.40219.1
Project("{FAE04EC0-301F-11D3-BF4B-00C04F79EFBC}") = "Shared", "Shared\Shared.csproj", "{F92BCA0A-D1EA-4530-BFC4-BF435963D488}"
EndProject
Project("{FAE04EC0-301F-11D3-BF4B-00C04F79EFBC}") = "TPOT Letters", "TPOT Letters\TPOT Letters.csproj", "{97CFFD38-331B-4146-A4E7-F37185C3DD04}"
EndProject
Project("{FAE04EC0-301F-11D3-BF4B-00C04F79EFBC}") = "ConversionTests", "ConversionTests\ConversionTests.csproj", "{C98D101E-844E-4A9C-8B53-105AD12A1C91}"
EndProject
Project("{FAE04EC0-301F-11D3-BF4B-00C04F79EFBC}") = "WordpressTests", "WordpressTests\WordpressTests.csproj", "{6C38E048-810A-4A29-8992-920A3B97DE9D}"
EndProject
Project("{FAE04EC0-301F-11D3-BF4B-00C04F79EFBC}") = "RxUI.Sandbox", "RxUI.Sandbox\RxUI.Sandbox.csproj", "{93B47952-1AA9-4CB2-99CC-4F16A6133452}"
EndProject
Project("{FAE04EC0-301F-11D3-BF4B-00C04F79EFBC}") = "RxNet.Sandbox", "RxNet.Sandbox\RxNet.Sandbox.csproj", "{C7D50590-C38F-4A1B-BFA3-8DC02FAE6924}"
EndProject
Project("{FAE04EC0-301F-11D3-BF4B-00C04F79EFBC}") = "MaterialDesign.Sandbox", "MaterialDesign.Sandbox\MaterialDesign.Sandbox.csproj", "{72942576-D035-49BC-80F9-5C0D66A38453}"
EndProject
Project("{FAE04EC0-301F-11D3-BF4B-00C04F79EFBC}") = "AutoFac.Demo", "AutoFac.Demo\AutoFac.Demo.csproj", "{91EC51B1-DCCD-4A75-A606-276E95F5DE9D}"
EndProject
Project("{FAE04EC0-301F-11D3-BF4B-00C04F79EFBC}") = "TPOTSync", "TPOTSync\TPOTSync.csproj", "{0FBECABB-4D07-4F1E-8320-C543B5429D29}"
EndProject
Global
	GlobalSection(SolutionConfigurationPlatforms) = preSolution
		Debug|Any CPU = Debug|Any CPU
		Release|Any CPU = Release|Any CPU
		SharedDebug|Any CPU = SharedDebug|Any CPU
	EndGlobalSection
	GlobalSection(ProjectConfigurationPlatforms) = postSolution
		{F92BCA0A-D1EA-4530-BFC4-BF435963D488}.Debug|Any CPU.ActiveCfg = Debug|Any CPU
		{F92BCA0A-D1EA-4530-BFC4-BF435963D488}.Debug|Any CPU.Build.0 = Debug|Any CPU
		{F92BCA0A-D1EA-4530-BFC4-BF435963D488}.Release|Any CPU.ActiveCfg = Release|Any CPU
		{F92BCA0A-D1EA-4530-BFC4-BF435963D488}.Release|Any CPU.Build.0 = Release|Any CPU
		{F92BCA0A-D1EA-4530-BFC4-BF435963D488}.SharedDebug|Any CPU.ActiveCfg = SharedDebug|Any CPU
		{F92BCA0A-D1EA-4530-BFC4-BF435963D488}.SharedDebug|Any CPU.Build.0 = SharedDebug|Any CPU
		{97CFFD38-331B-4146-A4E7-F37185C3DD04}.Debug|Any CPU.ActiveCfg = Debug|Any CPU
		{97CFFD38-331B-4146-A4E7-F37185C3DD04}.Debug|Any CPU.Build.0 = Debug|Any CPU
		{97CFFD38-331B-4146-A4E7-F37185C3DD04}.Release|Any CPU.ActiveCfg = Release|Any CPU
		{97CFFD38-331B-4146-A4E7-F37185C3DD04}.Release|Any CPU.Build.0 = Release|Any CPU
		{97CFFD38-331B-4146-A4E7-F37185C3DD04}.SharedDebug|Any CPU.ActiveCfg = SharedDebug|Any CPU
		{97CFFD38-331B-4146-A4E7-F37185C3DD04}.SharedDebug|Any CPU.Build.0 = SharedDebug|Any CPU
		{C98D101E-844E-4A9C-8B53-105AD12A1C91}.Debug|Any CPU.ActiveCfg = Debug|Any CPU
		{C98D101E-844E-4A9C-8B53-105AD12A1C91}.Debug|Any CPU.Build.0 = Debug|Any CPU
		{C98D101E-844E-4A9C-8B53-105AD12A1C91}.Release|Any CPU.ActiveCfg = Release|Any CPU
		{C98D101E-844E-4A9C-8B53-105AD12A1C91}.Release|Any CPU.Build.0 = Release|Any CPU
		{C98D101E-844E-4A9C-8B53-105AD12A1C91}.SharedDebug|Any CPU.ActiveCfg = SharedDebug|Any CPU
		{6C38E048-810A-4A29-8992-920A3B97DE9D}.Debug|Any CPU.ActiveCfg = Debug|Any CPU
		{6C38E048-810A-4A29-8992-920A3B97DE9D}.Debug|Any CPU.Build.0 = Debug|Any CPU
		{6C38E048-810A-4A29-8992-920A3B97DE9D}.Release|Any CPU.ActiveCfg = Release|Any CPU
		{6C38E048-810A-4A29-8992-920A3B97DE9D}.Release|Any CPU.Build.0 = Release|Any CPU
		{6C38E048-810A-4A29-8992-920A3B97DE9D}.SharedDebug|Any CPU.ActiveCfg = SharedDebug|Any CPU
		{93B47952-1AA9-4CB2-99CC-4F16A6133452}.Debug|Any CPU.ActiveCfg = Debug|Any CPU
		{93B47952-1AA9-4CB2-99CC-4F16A6133452}.Debug|Any CPU.Build.0 = Debug|Any CPU
		{93B47952-1AA9-4CB2-99CC-4F16A6133452}.Release|Any CPU.ActiveCfg = Release|Any CPU
		{93B47952-1AA9-4CB2-99CC-4F16A6133452}.Release|Any CPU.Build.0 = Release|Any CPU
		{93B47952-1AA9-4CB2-99CC-4F16A6133452}.SharedDebug|Any CPU.ActiveCfg = SharedDebug|Any CPU
		{C7D50590-C38F-4A1B-BFA3-8DC02FAE6924}.Debug|Any CPU.ActiveCfg = Debug|Any CPU
		{C7D50590-C38F-4A1B-BFA3-8DC02FAE6924}.Debug|Any CPU.Build.0 = Debug|Any CPU
		{C7D50590-C38F-4A1B-BFA3-8DC02FAE6924}.Release|Any CPU.ActiveCfg = Release|Any CPU
		{C7D50590-C38F-4A1B-BFA3-8DC02FAE6924}.Release|Any CPU.Build.0 = Release|Any CPU
		{C7D50590-C38F-4A1B-BFA3-8DC02FAE6924}.SharedDebug|Any CPU.ActiveCfg = SharedDebug|Any CPU
		{72942576-D035-49BC-80F9-5C0D66A38453}.Debug|Any CPU.ActiveCfg = Debug|Any CPU
		{72942576-D035-49BC-80F9-5C0D66A38453}.Debug|Any CPU.Build.0 = Debug|Any CPU
		{72942576-D035-49BC-80F9-5C0D66A38453}.Release|Any CPU.ActiveCfg = Release|Any CPU
		{72942576-D035-49BC-80F9-5C0D66A38453}.Release|Any CPU.Build.0 = Release|Any CPU
		{72942576-D035-49BC-80F9-5C0D66A38453}.SharedDebug|Any CPU.ActiveCfg = SharedDebug|Any CPU
		{91EC51B1-DCCD-4A75-A606-276E95F5DE9D}.Debug|Any CPU.ActiveCfg = Debug|Any CPU
		{91EC51B1-DCCD-4A75-A606-276E95F5DE9D}.Debug|Any CPU.Build.0 = Debug|Any CPU
		{91EC51B1-DCCD-4A75-A606-276E95F5DE9D}.Release|Any CPU.ActiveCfg = Release|Any CPU
		{91EC51B1-DCCD-4A75-A606-276E95F5DE9D}.Release|Any CPU.Build.0 = Release|Any CPU
		{91EC51B1-DCCD-4A75-A606-276E95F5DE9D}.SharedDebug|Any CPU.ActiveCfg = SharedDebug|Any CPU
		{0FBECABB-4D07-4F1E-8320-C543B5429D29}.Debug|Any CPU.ActiveCfg = Debug|Any CPU
		{0FBECABB-4D07-4F1E-8320-C543B5429D29}.Debug|Any CPU.Build.0 = Debug|Any CPU
		{0FBECABB-4D07-4F1E-8320-C543B5429D29}.Release|Any CPU.ActiveCfg = Release|Any CPU
		{0FBECABB-4D07-4F1E-8320-C543B5429D29}.Release|Any CPU.Build.0 = Release|Any CPU
		{0FBECABB-4D07-4F1E-8320-C543B5429D29}.SharedDebug|Any CPU.ActiveCfg = Debug|Any CPU
		{0FBECABB-4D07-4F1E-8320-C543B5429D29}.SharedDebug|Any CPU.Build.0 = Debug|Any CPU
	EndGlobalSection
	GlobalSection(SolutionProperties) = preSolution
		HideSolutionNode = FALSE
	EndGlobalSection
	GlobalSection(ExtensibilityGlobals) = postSolution
		SolutionGuid = {A0CBF102-1672-4B75-AB86-517086708AF6}
	EndGlobalSection
EndGlobal
